// !$*UTF8*$!
{
	archiveVersion = 1;
	classes = {
	};
	objectVersion = 51;
	objects = {

/* Begin PBXBuildFile section */
		3B75E37A2706AC8800C6FD3A /* CollectionViewController.swift in Sources */ = {isa = PBXBuildFile; fileRef = 3B75E3792706AC8800C6FD3A /* CollectionViewController.swift */; };
		3B780DF126BB63A5005F78B9 /* AppDelegate.swift in Sources */ = {isa = PBXBuildFile; fileRef = 3B780DF026BB63A5005F78B9 /* AppDelegate.swift */; };
		3B780DF326BB63A5005F78B9 /* SceneDelegate.swift in Sources */ = {isa = PBXBuildFile; fileRef = 3B780DF226BB63A5005F78B9 /* SceneDelegate.swift */; };
		3B780DF526BB63A5005F78B9 /* ViewController.swift in Sources */ = {isa = PBXBuildFile; fileRef = 3B780DF426BB63A5005F78B9 /* ViewController.swift */; };
		3B780DF826BB63A5005F78B9 /* Main.storyboard in Resources */ = {isa = PBXBuildFile; fileRef = 3B780DF626BB63A5005F78B9 /* Main.storyboard */; };
		3B780DFA26BB63AA005F78B9 /* Assets.xcassets in Resources */ = {isa = PBXBuildFile; fileRef = 3B780DF926BB63AA005F78B9 /* Assets.xcassets */; };
		3B780DFD26BB63AA005F78B9 /* LaunchScreen.storyboard in Resources */ = {isa = PBXBuildFile; fileRef = 3B780DFB26BB63AA005F78B9 /* LaunchScreen.storyboard */; };
		3B780E0626BCFFF3005F78B9 /* capcelgif.gif in Resources */ = {isa = PBXBuildFile; fileRef = 3B780E0526BCFFF3005F78B9 /* capcelgif.gif */; };
		3B780E3B26C00E9A005F78B9 /* capcelgif2.gif in Resources */ = {isa = PBXBuildFile; fileRef = 3B780E3A26C00E9A005F78B9 /* capcelgif2.gif */; };
		4CD0EE7213FCCDD0A14673ED /* Pods_gacha.framework in Frameworks */ = {isa = PBXBuildFile; fileRef = 0CB88D0FBFB5E0E468D3DF28 /* Pods_gacha.framework */; };
/* End PBXBuildFile section */

/* Begin PBXFileReference section */
		0CB88D0FBFB5E0E468D3DF28 /* Pods_gacha.framework */ = {isa = PBXFileReference; explicitFileType = wrapper.framework; includeInIndex = 0; path = Pods_gacha.framework; sourceTree = BUILT_PRODUCTS_DIR; };
		3B75E3792706AC8800C6FD3A /* CollectionViewController.swift */ = {isa = PBXFileReference; lastKnownFileType = sourcecode.swift; path = CollectionViewController.swift; sourceTree = "<group>"; };
		3B780DED26BB63A5005F78B9 /* gacha.app */ = {isa = PBXFileReference; explicitFileType = wrapper.application; includeInIndex = 0; path = gacha.app; sourceTree = BUILT_PRODUCTS_DIR; };
		3B780DF026BB63A5005F78B9 /* AppDelegate.swift */ = {isa = PBXFileReference; lastKnownFileType = sourcecode.swift; path = AppDelegate.swift; sourceTree = "<group>"; };
		3B780DF226BB63A5005F78B9 /* SceneDelegate.swift */ = {isa = PBXFileReference; lastKnownFileType = sourcecode.swift; path = SceneDelegate.swift; sourceTree = "<group>"; };
		3B780DF426BB63A5005F78B9 /* ViewController.swift */ = {isa = PBXFileReference; lastKnownFileType = sourcecode.swift; path = ViewController.swift; sourceTree = "<group>"; };
		3B780DF726BB63A5005F78B9 /* Base */ = {isa = PBXFileReference; lastKnownFileType = file.storyboard; name = Base; path = Base.lproj/Main.storyboard; sourceTree = "<group>"; };
		3B780DF926BB63AA005F78B9 /* Assets.xcassets */ = {isa = PBXFileReference; lastKnownFileType = folder.assetcatalog; path = Assets.xcassets; sourceTree = "<group>"; };
		3B780DFC26BB63AA005F78B9 /* Base */ = {isa = PBXFileReference; lastKnownFileType = file.storyboard; name = Base; path = Base.lproj/LaunchScreen.storyboard; sourceTree = "<group>"; };
		3B780DFE26BB63AA005F78B9 /* Info.plist */ = {isa = PBXFileReference; lastKnownFileType = text.plist.xml; path = Info.plist; sourceTree = "<group>"; };
		3B780E0526BCFFF3005F78B9 /* capcelgif.gif */ = {isa = PBXFileReference; lastKnownFileType = image.gif; path = capcelgif.gif; sourceTree = "<group>"; };
		3B780E3A26C00E9A005F78B9 /* capcelgif2.gif */ = {isa = PBXFileReference; lastKnownFileType = image.gif; path = capcelgif2.gif; sourceTree = "<group>"; };
		72BEA1431577841F9FB036F1 /* Pods-gacha.debug.xcconfig */ = {isa = PBXFileReference; includeInIndex = 1; lastKnownFileType = text.xcconfig; name = "Pods-gacha.debug.xcconfig"; path = "Target Support Files/Pods-gacha/Pods-gacha.debug.xcconfig"; sourceTree = "<group>"; };
		B81CCA03B93C51948F5DA70A /* Pods-gacha.release.xcconfig */ = {isa = PBXFileReference; includeInIndex = 1; lastKnownFileType = text.xcconfig; name = "Pods-gacha.release.xcconfig"; path = "Target Support Files/Pods-gacha/Pods-gacha.release.xcconfig"; sourceTree = "<group>"; };
/* End PBXFileReference section */

/* Begin PBXFrameworksBuildPhase section */
		3B780DEA26BB63A5005F78B9 /* Frameworks */ = {
			isa = PBXFrameworksBuildPhase;
			buildActionMask = 2147483647;
			files = (
				4CD0EE7213FCCDD0A14673ED /* Pods_gacha.framework in Frameworks */,
			);
			runOnlyForDeploymentPostprocessing = 0;
		};
/* End PBXFrameworksBuildPhase section */

/* Begin PBXGroup section */
		3B780DE426BB63A5005F78B9 = {
			isa = PBXGroup;
			children = (
				3B780DEF26BB63A5005F78B9 /* gacha */,
				3B780DEE26BB63A5005F78B9 /* Products */,
				4F7DBFFA22107A85AFE441FD /* Pods */,
				82FF4962EF20F06CBC573756 /* Frameworks */,
			);
			sourceTree = "<group>";
		};
		3B780DEE26BB63A5005F78B9 /* Products */ = {
			isa = PBXGroup;
			children = (
				3B780DED26BB63A5005F78B9 /* gacha.app */,
			);
			name = Products;
			sourceTree = "<group>";
		};
		3B780DEF26BB63A5005F78B9 /* gacha */ = {
			isa = PBXGroup;
			children = (
				3B780DF026BB63A5005F78B9 /* AppDelegate.swift */,
				3B780DF226BB63A5005F78B9 /* SceneDelegate.swift */,
				3B780DF426BB63A5005F78B9 /* ViewController.swift */,
				3B780DF626BB63A5005F78B9 /* Main.storyboard */,
				3B75E3792706AC8800C6FD3A /* CollectionViewController.swift */,
				3B780DF926BB63AA005F78B9 /* Assets.xcassets */,
				3B780DFB26BB63AA005F78B9 /* LaunchScreen.storyboard */,
				3B780DFE26BB63AA005F78B9 /* Info.plist */,
				3B780E0526BCFFF3005F78B9 /* capcelgif.gif */,
				3B780E3A26C00E9A005F78B9 /* capcelgif2.gif */,
			);
			path = gacha;
			sourceTree = "<group>";
		};
		4F7DBFFA22107A85AFE441FD /* Pods */ = {
			isa = PBXGroup;
			children = (
				72BEA1431577841F9FB036F1 /* Pods-gacha.debug.xcconfig */,
				B81CCA03B93C51948F5DA70A /* Pods-gacha.release.xcconfig */,
			);
			path = Pods;
			sourceTree = "<group>";
		};
		82FF4962EF20F06CBC573756 /* Frameworks */ = {
			isa = PBXGroup;
			children = (
				0CB88D0FBFB5E0E468D3DF28 /* Pods_gacha.framework */,
			);
			name = Frameworks;
			sourceTree = "<group>";
		};
/* End PBXGroup section */

/* Begin PBXNativeTarget section */
		3B780DEC26BB63A5005F78B9 /* gacha */ = {
			isa = PBXNativeTarget;
			buildConfigurationList = 3B780E0126BB63AA005F78B9 /* Build configuration list for PBXNativeTarget "gacha" */;
			buildPhases = (
				511E6BB454E1967AEC754EEC /* [CP] Check Pods Manifest.lock */,
				3B780DE926BB63A5005F78B9 /* Sources */,
				3B780DEA26BB63A5005F78B9 /* Frameworks */,
				3B780DEB26BB63A5005F78B9 /* Resources */,
				B8D24F993049048131927094 /* [CP] Embed Pods Frameworks */,
			);
			buildRules = (
			);
			dependencies = (
			);
			name = gacha;
			productName = gacha;
			productReference = 3B780DED26BB63A5005F78B9 /* gacha.app */;
			productType = "com.apple.product-type.application";
		};
/* End PBXNativeTarget section */

/* Begin PBXProject section */
		3B780DE526BB63A5005F78B9 /* Project object */ = {
			isa = PBXProject;
			attributes = {
				LastSwiftUpdateCheck = 1230;
				LastUpgradeCheck = 1230;
				TargetAttributes = {
					3B780DEC26BB63A5005F78B9 = {
						CreatedOnToolsVersion = 12.3;
					};
				};
			};
			buildConfigurationList = 3B780DE826BB63A5005F78B9 /* Build configuration list for PBXProject "gacha" */;
			compatibilityVersion = "Xcode 9.3";
			developmentRegion = en;
			hasScannedForEncodings = 0;
			knownRegions = (
				en,
				Base,
			);
			mainGroup = 3B780DE426BB63A5005F78B9;
			productRefGroup = 3B780DEE26BB63A5005F78B9 /* Products */;
			projectDirPath = "";
			projectRoot = "";
			targets = (
				3B780DEC26BB63A5005F78B9 /* gacha */,
			);
		};
/* End PBXProject section */

/* Begin PBXResourcesBuildPhase section */
		3B780DEB26BB63A5005F78B9 /* Resources */ = {
			isa = PBXResourcesBuildPhase;
			buildActionMask = 2147483647;
			files = (
				3B780E3B26C00E9A005F78B9 /* capcelgif2.gif in Resources */,
				3B780DFD26BB63AA005F78B9 /* LaunchScreen.storyboard in Resources */,
				3B780DFA26BB63AA005F78B9 /* Assets.xcassets in Resources */,
				3B780DF826BB63A5005F78B9 /* Main.storyboard in Resources */,
				3B780E0626BCFFF3005F78B9 /* capcelgif.gif in Resources */,
			);
			runOnlyForDeploymentPostprocessing = 0;
		};
/* End PBXResourcesBuildPhase section */

/* Begin PBXShellScriptBuildPhase section */
		511E6BB454E1967AEC754EEC /* [CP] Check Pods Manifest.lock */ = {
			isa = PBXShellScriptBuildPhase;
			buildActionMask = 2147483647;
			files = (
			);
			inputFileListPaths = (
			);
			inputPaths = (
				"${PODS_PODFILE_DIR_PATH}/Podfile.lock",
				"${PODS_ROOT}/Manifest.lock",
			);
			name = "[CP] Check Pods Manifest.lock";
			outputFileListPaths = (
			);
			outputPaths = (
				"$(DERIVED_FILE_DIR)/Pods-gacha-checkManifestLockResult.txt",
			);
			runOnlyForDeploymentPostprocessing = 0;
			shellPath = /bin/sh;
			shellScript = "diff \"${PODS_PODFILE_DIR_PATH}/Podfile.lock\" \"${PODS_ROOT}/Manifest.lock\" > /dev/null\nif [ $? != 0 ] ; then\n    # print error to STDERR\n    echo \"error: The sandbox is not in sync with the Podfile.lock. Run 'pod install' or update your CocoaPods installation.\" >&2\n    exit 1\nfi\n# This output is used by Xcode 'outputs' to avoid re-running this script phase.\necho \"SUCCESS\" > \"${SCRIPT_OUTPUT_FILE_0}\"\n";
			showEnvVarsInLog = 0;
		};
		B8D24F993049048131927094 /* [CP] Embed Pods Frameworks */ = {
			isa = PBXShellScriptBuildPhase;
			buildActionMask = 2147483647;
			files = (
			);
			inputFileListPaths = (
				"${PODS_ROOT}/Target Support Files/Pods-gacha/Pods-gacha-frameworks-${CONFIGURATION}-input-files.xcfilelist",
			);
			name = "[CP] Embed Pods Frameworks";
			outputFileListPaths = (
				"${PODS_ROOT}/Target Support Files/Pods-gacha/Pods-gacha-frameworks-${CONFIGURATION}-output-files.xcfilelist",
			);
			runOnlyForDeploymentPostprocessing = 0;
			shellPath = /bin/sh;
			shellScript = "\"${PODS_ROOT}/Target Support Files/Pods-gacha/Pods-gacha-frameworks.sh\"\n";
			showEnvVarsInLog = 0;
		};
/* End PBXShellScriptBuildPhase section */

/* Begin PBXSourcesBuildPhase section */
		3B780DE926BB63A5005F78B9 /* Sources */ = {
			isa = PBXSourcesBuildPhase;
			buildActionMask = 2147483647;
			files = (
				3B75E37A2706AC8800C6FD3A /* CollectionViewController.swift in Sources */,
				3B780DF526BB63A5005F78B9 /* ViewController.swift in Sources */,
				3B780DF126BB63A5005F78B9 /* AppDelegate.swift in Sources */,
				3B780DF326BB63A5005F78B9 /* SceneDelegate.swift in Sources */,
			);
			runOnlyForDeploymentPostprocessing = 0;
		};
/* End PBXSourcesBuildPhase section */

/* Begin PBXVariantGroup section */
		3B780DF626BB63A5005F78B9 /* Main.storyboard */ = {
			isa = PBXVariantGroup;
			children = (
				3B780DF726BB63A5005F78B9 /* Base */,
			);
			name = Main.storyboard;
			sourceTree = "<group>";
		};
		3B780DFB26BB63AA005F78B9 /* LaunchScreen.storyboard */ = {
			isa = PBXVariantGroup;
			children = (
				3B780DFC26BB63AA005F78B9 /* Base */,
			);
			name = LaunchScreen.storyboard;
			sourceTree = "<group>";
		};
/* End PBXVariantGroup section */

/* Begin XCBuildConfiguration section */
		3B780DFF26BB63AA005F78B9 /* Debug */ = {
			isa = XCBuildConfiguration;
			buildSettings = {
				ALWAYS_SEARCH_USER_PATHS = NO;
				CLANG_ANALYZER_NONNULL = YES;
				CLANG_ANALYZER_NUMBER_OBJECT_CONVERSION = YES_AGGRESSIVE;
				CLANG_CXX_LANGUAGE_STANDARD = "gnu++14";
				CLANG_CXX_LIBRARY = "libc++";
				CLANG_ENABLE_MODULES = YES;
				CLANG_ENABLE_OBJC_ARC = YES;
				CLANG_ENABLE_OBJC_WEAK = YES;
				CLANG_WARN_BLOCK_CAPTURE_AUTORELEASING = YES;
				CLANG_WARN_BOOL_CONVERSION = YES;
				CLANG_WARN_COMMA = YES;
				CLANG_WARN_CONSTANT_CONVERSION = YES;
				CLANG_WARN_DEPRECATED_OBJC_IMPLEMENTATIONS = YES;
				CLANG_WARN_DIRECT_OBJC_ISA_USAGE = YES_ERROR;
				CLANG_WARN_DOCUMENTATION_COMMENTS = YES;
				CLANG_WARN_EMPTY_BODY = YES;
				CLANG_WARN_ENUM_CONVERSION = YES;
				CLANG_WARN_INFINITE_RECURSION = YES;
				CLANG_WARN_INT_CONVERSION = YES;
				CLANG_WARN_NON_LITERAL_NULL_CONVERSION = YES;
				CLANG_WARN_OBJC_IMPLICIT_RETAIN_SELF = YES;
				CLANG_WARN_OBJC_LITERAL_CONVERSION = YES;
				CLANG_WARN_OBJC_ROOT_CLASS = YES_ERROR;
				CLANG_WARN_QUOTED_INCLUDE_IN_FRAMEWORK_HEADER = YES;
				CLANG_WARN_RANGE_LOOP_ANALYSIS = YES;
				CLANG_WARN_STRICT_PROTOTYPES = YES;
				CLANG_WARN_SUSPICIOUS_MOVE = YES;
				CLANG_WARN_UNGUARDED_AVAILABILITY = YES_AGGRESSIVE;
				CLANG_WARN_UNREACHABLE_CODE = YES;
				CLANG_WARN__DUPLICATE_METHOD_MATCH = YES;
				COPY_PHASE_STRIP = NO;
				DEBUG_INFORMATION_FORMAT = dwarf;
				ENABLE_STRICT_OBJC_MSGSEND = YES;
				ENABLE_TESTABILITY = YES;
				GCC_C_LANGUAGE_STANDARD = gnu11;
				GCC_DYNAMIC_NO_PIC = NO;
				GCC_NO_COMMON_BLOCKS = YES;
				GCC_OPTIMIZATION_LEVEL = 0;
				GCC_PREPROCESSOR_DEFINITIONS = (
					"DEBUG=1",
					"$(inherited)",
				);
				GCC_WARN_64_TO_32_BIT_CONVERSION = YES;
				GCC_WARN_ABOUT_RETURN_TYPE = YES_ERROR;
				GCC_WARN_UNDECLARED_SELECTOR = YES;
				GCC_WARN_UNINITIALIZED_AUTOS = YES_AGGRESSIVE;
				GCC_WARN_UNUSED_FUNCTION = YES;
				GCC_WARN_UNUSED_VARIABLE = YES;
				IPHONEOS_DEPLOYMENT_TARGET = 14.3;
				MTL_ENABLE_DEBUG_INFO = INCLUDE_SOURCE;
				MTL_FAST_MATH = YES;
				ONLY_ACTIVE_ARCH = YES;
				SDKROOT = iphoneos;
				SWIFT_ACTIVE_COMPILATION_CONDITIONS = DEBUG;
				SWIFT_OPTIMIZATION_LEVEL = "-Onone";
			};
			name = Debug;
		};
		3B780E0026BB63AA005F78B9 /* Release */ = {
			isa = XCBuildConfiguration;
			buildSettings = {
				ALWAYS_SEARCH_USER_PATHS = NO;
				CLANG_ANALYZER_NONNULL = YES;
				CLANG_ANALYZER_NUMBER_OBJECT_CONVERSION = YES_AGGRESSIVE;
				CLANG_CXX_LANGUAGE_STANDARD = "gnu++14";
				CLANG_CXX_LIBRARY = "libc++";
				CLANG_ENABLE_MODULES = YES;
				CLANG_ENABLE_OBJC_ARC = YES;
				CLANG_ENABLE_OBJC_WEAK = YES;
				CLANG_WARN_BLOCK_CAPTURE_AUTORELEASING = YES;
				CLANG_WARN_BOOL_CONVERSION = YES;
				CLANG_WARN_COMMA = YES;
				CLANG_WARN_CONSTANT_CONVERSION = YES;
				CLANG_WARN_DEPRECATED_OBJC_IMPLEMENTATIONS = YES;
				CLANG_WARN_DIRECT_OBJC_ISA_USAGE = YES_ERROR;
				CLANG_WARN_DOCUMENTATION_COMMENTS = YES;
				CLANG_WARN_EMPTY_BODY = YES;
				CLANG_WARN_ENUM_CONVERSION = YES;
				CLANG_WARN_INFINITE_RECURSION = YES;
				CLANG_WARN_INT_CONVERSION = YES;
				CLANG_WARN_NON_LITERAL_NULL_CONVERSION = YES;
				CLANG_WARN_OBJC_IMPLICIT_RETAIN_SELF = YES;
				CLANG_WARN_OBJC_LITERAL_CONVERSION = YES;
				CLANG_WARN_OBJC_ROOT_CLASS = YES_ERROR;
				CLANG_WARN_QUOTED_INCLUDE_IN_FRAMEWORK_HEADER = YES;
				CLANG_WARN_RANGE_LOOP_ANALYSIS = YES;
				CLANG_WARN_STRICT_PROTOTYPES = YES;
				CLANG_WARN_SUSPICIOUS_MOVE = YES;
				CLANG_WARN_UNGUARDED_AVAILABILITY = YES_AGGRESSIVE;
				CLANG_WARN_UNREACHABLE_CODE = YES;
				CLANG_WARN__DUPLICATE_METHOD_MATCH = YES;
				COPY_PHASE_STRIP = NO;
				DEBUG_INFORMATION_FORMAT = "dwarf-with-dsym";
				ENABLE_NS_ASSERTIONS = NO;
				ENABLE_STRICT_OBJC_MSGSEND = YES;
				GCC_C_LANGUAGE_STANDARD = gnu11;
				GCC_NO_COMMON_BLOCKS = YES;
				GCC_WARN_64_TO_32_BIT_CONVERSION = YES;
				GCC_WARN_ABOUT_RETURN_TYPE = YES_ERROR;
				GCC_WARN_UNDECLARED_SELECTOR = YES;
				GCC_WARN_UNINITIALIZED_AUTOS = YES_AGGRESSIVE;
				GCC_WARN_UNUSED_FUNCTION = YES;
				GCC_WARN_UNUSED_VARIABLE = YES;
				IPHONEOS_DEPLOYMENT_TARGET = 14.3;
				MTL_ENABLE_DEBUG_INFO = NO;
				MTL_FAST_MATH = YES;
				SDKROOT = iphoneos;
				SWIFT_COMPILATION_MODE = wholemodule;
				SWIFT_OPTIMIZATION_LEVEL = "-O";
				VALIDATE_PRODUCT = YES;
			};
			name = Release;
		};
		3B780E0226BB63AA005F78B9 /* Debug */ = {
			isa = XCBuildConfiguration;
			baseConfigurationReference = 72BEA1431577841F9FB036F1 /* Pods-gacha.debug.xcconfig */;
			buildSettings = {
				ASSETCATALOG_COMPILER_APPICON_NAME = AppIcon;
				ASSETCATALOG_COMPILER_GLOBAL_ACCENT_COLOR_NAME = AccentColor;
				CODE_SIGN_STYLE = Automatic;
				DEVELOPMENT_TEAM = XH36HT5PM3;
				INFOPLIST_FILE = gacha/Info.plist;
				LD_RUNPATH_SEARCH_PATHS = (
					"$(inherited)",
					"@executable_path/Frameworks",
				);
				PRODUCT_BUNDLE_IDENTIFIER = kohei.gacha;
				PRODUCT_NAME = "$(TARGET_NAME)";
				SWIFT_VERSION = 5.0;
				TARGETED_DEVICE_FAMILY = "1,2";
			};
			name = Debug;
		};
		3B780E0326BB63AA005F78B9 /* Release */ = {
			isa = XCBuildConfiguration;
			baseConfigurationReference = B81CCA03B93C51948F5DA70A /* Pods-gacha.release.xcconfig */;
			buildSettings = {
				ASSETCATALOG_COMPILER_APPICON_NAME = AppIcon;
				ASSETCATALOG_COMPILER_GLOBAL_ACCENT_COLOR_NAME = AccentColor;
				CODE_SIGN_STYLE = Automatic;
				DEVELOPMENT_TEAM = XH36HT5PM3;
				INFOPLIST_FILE = gacha/Info.plist;
				LD_RUNPATH_SEARCH_PATHS = (
					"$(inherited)",
					"@executable_path/Frameworks",
				);
				PRODUCT_BUNDLE_IDENTIFIER = kohei.gacha;
				PRODUCT_NAME = "$(TARGET_NAME)";
				SWIFT_VERSION = 5.0;
				TARGETED_DEVICE_FAMILY = "1,2";
			};
			name = Release;
		};
/* End XCBuildConfiguration section */

/* Begin XCConfigurationList section */
		3B780DE826BB63A5005F78B9 /* Build configuration list for PBXProject "gacha" */ = {
			isa = XCConfigurationList;
			buildConfigurations = (
				3B780DFF26BB63AA005F78B9 /* Debug */,
				3B780E0026BB63AA005F78B9 /* Release */,
			);
			defaultConfigurationIsVisible = 0;
			defaultConfigurationName = Release;
		};
		3B780E0126BB63AA005F78B9 /* Build configuration list for PBXNativeTarget "gacha" */ = {
			isa = XCConfigurationList;
			buildConfigurations = (
				3B780E0226BB63AA005F78B9 /* Debug */,
				3B780E0326BB63AA005F78B9 /* Release */,
			);
			defaultConfigurationIsVisible = 0;
			defaultConfigurationName = Release;
		};
/* End XCConfigurationList section */
	};
	rootObject = 3B780DE526BB63A5005F78B9 /* Project object */;
}
